<?xml version="1.0" encoding="utf-8"?>
<Project ToolsVersion="4.0" xmlns="http://schemas.microsoft.com/developer/msbuild/2003">
  <ItemGroup>
    <Filter Include="源文件">
      <UniqueIdentifier>{4FC737F1-C7A5-4376-A066-2A32D752A2FF}</UniqueIdentifier>
      <Extensions>cpp;c;cc;cxx;def;odl;idl;hpj;bat;asm;asmx</Extensions>
    </Filter>
    <Filter Include="头文件">
      <UniqueIdentifier>{93995380-89BD-4b04-88EB-625FBE52EBFB}</UniqueIdentifier>
      <Extensions>h;hpp;hxx;hm;inl;inc;xsd</Extensions>
    </Filter>
    <Filter Include="资源文件">
      <UniqueIdentifier>{67DA6AB6-F800-4c08-8B7A-83BB121AAD01}</UniqueIdentifier>
      <Extensions>rc;ico;cur;bmp;dlg;rc2;rct;bin;rgs;gif;jpg;jpeg;jpe;resx;tiff;tif;png;wav;mfcribbon-ms</Extensions>
    </Filter>
    <Filter Include="头文件\Interface">
      <UniqueIdentifier>{65085185-a36b-4f6d-983e-e9730153853e}</UniqueIdentifier>
    </Filter>
    <Filter Include="头文件\Interface\Effects">
      <UniqueIdentifier>{d9118c8a-53c6-4213-9758-aebf48865f40}</UniqueIdentifier>
    </Filter>
    <Filter Include="头文件\Interface\Structs">
      <UniqueIdentifier>{1305b779-2a25-4a5d-88cb-17853b27e487}</UniqueIdentifier>
    </Filter>
    <Filter Include="头文件\Interface\Images">
      <UniqueIdentifier>{42858e45-89dc-4857-9781-0c922954e004}</UniqueIdentifier>
    </Filter>
  </ItemGroup>
  <ItemGroup>
    <ClInclude Include="Include\RESurface.h">
      <Filter>头文件</Filter>
    </ClInclude>
    <ClInclude Include="Include\RESurfaceFactory.h">
      <Filter>头文件</Filter>
    </ClInclude>
    <ClInclude Include="Include\REWindow.h">
      <Filter>头文件</Filter>
    </ClInclude>
    <ClInclude Include="..\Interface\RenderingEngine\REEffectHelper.h">
      <Filter>头文件\Interface</Filter>
    </ClInclude>
    <ClInclude Include="..\Interface\RenderingEngine\REBitmap.h">
      <Filter>头文件\Interface\Structs</Filter>
    </ClInclude>
    <ClInclude Include="..\Interface\RenderingEngine\RECanvas.h">
      <Filter>头文件\Interface\Structs</Filter>
    </ClInclude>
    <ClInclude Include="..\Interface\RenderingEngine\RERegion.h">
      <Filter>头文件\Interface\Structs</Filter>
    </ClInclude>
    <ClInclude Include="..\Interface\RenderingEngine\RERect.h">
      <Filter>头文件\Interface\Structs</Filter>
    </ClInclude>
    <ClInclude Include="..\Interface\RenderingEngine\REPoint.h">
      <Filter>头文件\Interface\Structs</Filter>
    </ClInclude>
    <ClInclude Include="..\Interface\RenderingEngine\REPath.h">
      <Filter>头文件\Interface\Structs</Filter>
    </ClInclude>
    <ClInclude Include="..\Interface\RenderingEngine\REPaint.h">
      <Filter>头文件\Interface\Structs</Filter>
    </ClInclude>
    <ClInclude Include="..\Interface\RenderingEngine\REColor.h">
      <Filter>头文件\Interface\Structs</Filter>
    </ClInclude>
    <ClInclude Include="..\Interface\RenderingEngine\DrawLooper.h">
      <Filter>头文件\Interface\Effects</Filter>
    </ClInclude>
    <ClInclude Include="..\Interface\RenderingEngine\Xfermode.h">
      <Filter>头文件\Interface\Effects</Filter>
    </ClInclude>
    <ClInclude Include="..\Interface\RenderingEngine\MaskFilter.h">
      <Filter>头文件\Interface\Effects</Filter>
    </ClInclude>
    <ClInclude Include="..\Interface\RenderingEngine\PathEffect.h">
      <Filter>头文件\Interface\Effects</Filter>
    </ClInclude>
    <ClInclude Include="..\Interface\RenderingEngine\Rasterizer.h">
      <Filter>头文件\Interface\Effects</Filter>
    </ClInclude>
    <ClInclude Include="..\Interface\RenderingEngine\Shader.h">
      <Filter>头文件\Interface\Effects</Filter>
    </ClInclude>
    <ClInclude Include="..\Interface\RenderingEngine\REMatrix.h">
      <Filter>头文件\Interface\Structs</Filter>
    </ClInclude>
    <ClInclude Include="..\Interface\RenderingEngine\REScalar.h">
      <Filter>头文件\Interface\Structs</Filter>
    </ClInclude>
    <ClInclude Include="..\Interface\RenderingEngine\ImageCoder.h">
      <Filter>头文件\Interface\Images</Filter>
    </ClInclude>
    <ClInclude Include="..\Interface\RenderingEngine\NewRenderingEngine.h">
      <Filter>头文件\Interface</Filter>
    </ClInclude>
    <ClInclude Include="..\Interface\RenderingEngine\RETypeface.h">
      <Filter>头文件\Interface\Structs</Filter>
    </ClInclude>
    <ClInclude Include="Include\glenv.h">
      <Filter>头文件</Filter>
    </ClInclude>
  </ItemGroup>
  <ItemGroup>
    <ClCompile Include="Src\RESurface.cpp">
      <Filter>源文件</Filter>
    </ClCompile>
    <ClCompile Include="Src\RESurfaceFactory.cpp">
      <Filter>源文件</Filter>
    </ClCompile>
    <ClCompile Include="Src\REWindow.cpp">
      <Filter>源文件</Filter>
    </ClCompile>
    <ClCompile Include="Src\REEffectHelper.cpp">
      <Filter>源文件</Filter>
    </ClCompile>
    <ClCompile Include="Src\RERect.cpp">
      <Filter>源文件</Filter>
    </ClCompile>
    <ClCompile Include="Src\glenv.cpp">
      <Filter>源文件</Filter>
    </ClCompile>
  </ItemGroup>
</Project>